
Microsoft Visual Studio Solution File, Format Version 10.00
# Visual Studio 2008
Project("{8BC9CEB8-8B4A-11D0-8D11-00A0C91BC942}") = "stack-overflow", "stack-overflow\stack-overflow.vcproj", "{B02E5C79-5945-419E-ADEC-8FD8D8F3B3FC}"
EndProject
Global
	GlobalSection(SolutionConfigurationPlatforms) = preSolution
		Debug|Win32 = Debug|Win32
		Release|Win32 = Release|Win32
	EndGlobalSection
	GlobalSection(ProjectConfigurationPlatforms) = postSolution
		{B02E5C79-5945-419E-ADEC-8FD8D8F3B3FC}.Debug|Win32.ActiveCfg = Debug|Win32
		{B02E5C79-5945-419E-ADEC-8FD8D8F3B3FC}.Debug|Win32.Build.0 = Debug|Win32
		{B02E5C79-5945-419E-ADEC-8FD8D8F3B3FC}.Release|Win32.ActiveCfg = Release|Win32
		{B02E5C79-5945-419E-ADEC-8FD8D8F3B3FC}.Release|Win32.Build.0 = Release|Win32
	EndGlobalSection
	GlobalSection(SolutionProperties) = preSolution
		HideSolutionNode = FALSE
	EndGlobalSection
EndGlobal
